
Microsoft Visual Studio Solution File, Format Version 12.00
# Visual Studio 15
VisualStudioVersion = 15.0.26228.12
MinimumVisualStudioVersion = 10.0.40219.1
Project("{FAE04EC0-301F-11D3-BF4B-00C04F79EFBC}") = "AG.JsonExtensions", "AG.JsonExtensions\AG.JsonExtensions.csproj", "{478494BC-0203-4138-B548-EF8CB606A2F0}"
EndProject
Project("{FAE04EC0-301F-11D3-BF4B-00C04F79EFBC}") = "AG.LiteLoggers", "..\AG.LiteLoggers\LiteLoggers\AG.LiteLoggers.csproj", "{F46AAF93-2AFF-4970-BEB0-8DCABCEA4278}"
EndProject
Project("{FAE04EC0-301F-11D3-BF4B-00C04F79EFBC}") = "AG.JsonExtensions.NetCore", "AG.JsonExtensions.NetCore\AG.JsonExtensions.NetCore.csproj", "{6F2A5E65-0309-4020-B512-2BF6A31C1066}"
EndProject
Global
	GlobalSection(SolutionConfigurationPlatforms) = preSolution
		Debug|Any CPU = Debug|Any CPU
		Release|Any CPU = Release|Any CPU
		ReleaseMasked|Any CPU = ReleaseMasked|Any CPU
	EndGlobalSection
	GlobalSection(ProjectConfigurationPlatforms) = postSolution
		{478494BC-0203-4138-B548-EF8CB606A2F0}.Debug|Any CPU.ActiveCfg = Debug|Any CPU
		{478494BC-0203-4138-B548-EF8CB606A2F0}.Debug|Any CPU.Build.0 = Debug|Any CPU
		{478494BC-0203-4138-B548-EF8CB606A2F0}.Release|Any CPU.ActiveCfg = Release|Any CPU
		{478494BC-0203-4138-B548-EF8CB606A2F0}.Release|Any CPU.Build.0 = Release|Any CPU
		{478494BC-0203-4138-B548-EF8CB606A2F0}.ReleaseMasked|Any CPU.ActiveCfg = Release|Any CPU
		{478494BC-0203-4138-B548-EF8CB606A2F0}.ReleaseMasked|Any CPU.Build.0 = Release|Any CPU
		{F46AAF93-2AFF-4970-BEB0-8DCABCEA4278}.Debug|Any CPU.ActiveCfg = Debug|Any CPU
		{F46AAF93-2AFF-4970-BEB0-8DCABCEA4278}.Debug|Any CPU.Build.0 = Debug|Any CPU
		{F46AAF93-2AFF-4970-BEB0-8DCABCEA4278}.Release|Any CPU.ActiveCfg = Release|Any CPU
		{F46AAF93-2AFF-4970-BEB0-8DCABCEA4278}.Release|Any CPU.Build.0 = Release|Any CPU
		{F46AAF93-2AFF-4970-BEB0-8DCABCEA4278}.ReleaseMasked|Any CPU.ActiveCfg = ReleaseMasked|Any CPU
		{F46AAF93-2AFF-4970-BEB0-8DCABCEA4278}.ReleaseMasked|Any CPU.Build.0 = ReleaseMasked|Any CPU
		{6F2A5E65-0309-4020-B512-2BF6A31C1066}.Debug|Any CPU.ActiveCfg = Debug|Any CPU
		{6F2A5E65-0309-4020-B512-2BF6A31C1066}.Debug|Any CPU.Build.0 = Debug|Any CPU
		{6F2A5E65-0309-4020-B512-2BF6A31C1066}.Release|Any CPU.ActiveCfg = Release|Any CPU
		{6F2A5E65-0309-4020-B512-2BF6A31C1066}.Release|Any CPU.Build.0 = Release|Any CPU
		{6F2A5E65-0309-4020-B512-2BF6A31C1066}.ReleaseMasked|Any CPU.ActiveCfg = Release|Any CPU
		{6F2A5E65-0309-4020-B512-2BF6A31C1066}.ReleaseMasked|Any CPU.Build.0 = Release|Any CPU
	EndGlobalSection
	GlobalSection(SolutionProperties) = preSolution
		HideSolutionNode = FALSE
	EndGlobalSection
	GlobalSection(TeamFoundationVersionControl) = preSolution
		SccNumberOfProjects = 2
		SccEnterpriseProvider = {4CA58AB2-18FA-4F8D-95D4-32DDF27D184C}
		SccTeamFoundationServer = https://anatoliig.visualstudio.com/
		SccProjectUniqueName0 = ..\\AG.LiteLoggers\\LiteLoggers\\AG.LiteLoggers.csproj
		SccProjectName0 = ../AG.LiteLoggers/LiteLoggers
		SccAuxPath0 = https://anatoliig.visualstudio.com
		SccLocalPath0 = ..\\AG.LiteLoggers\\LiteLoggers
		SccProvider0 = {4CA58AB2-18FA-4F8D-95D4-32DDF27D184C}
		SccProjectUniqueName1 = AG.JsonExtensions\\AG.JsonExtensions.csproj
		SccProjectName1 = AG.JsonExtensions
		SccAuxPath1 = https://anatoliig.visualstudio.com
		SccLocalPath1 = AG.JsonExtensions
		SccProvider1 = {4CA58AB2-18FA-4F8D-95D4-32DDF27D184C}
	EndGlobalSection
EndGlobal
